
Microsoft Visual Studio Solution File, Format Version 12.00
# Visual Studio 14
VisualStudioVersion = 14.0.24720.0
MinimumVisualStudioVersion = 10.0.40219.1
Project("{FAE04EC0-301F-11D3-BF4B-00C04F79EFBC}") = "Tehtava1", "Tehtava1\Tehtava1.csproj", "{BBFDB3F8-2232-4C51-A154-1DFFF2E75FE7}"
EndProject
Project("{FAE04EC0-301F-11D3-BF4B-00C04F79EFBC}") = "MediaPlayer", "MediaPlayer\MediaPlayer.csproj", "{9939B80E-794F-4DB6-BB3E-17A28F05C6F0}"
EndProject
Project("{FAE04EC0-301F-11D3-BF4B-00C04F79EFBC}") = "WinLotto", "WinLotto\WinLotto.csproj", "{E3D85BFF-95C6-47E8-A831-9BA9473C4869}"
EndProject
Project("{FAE04EC0-301F-11D3-BF4B-00C04F79EFBC}") = "H3MittausData", "H3MittausData\H3MittausData.csproj", "{4800C3EF-B930-4A9F-BC78-ABB737E94C46}"
EndProject
Project("{FAE04EC0-301F-11D3-BF4B-00C04F79EFBC}") = "Tehtava3C", "Tehtava3C\Tehtava3C.csproj", "{58D3A789-81BA-4668-8567-39D899274DF7}"
EndProject
Project("{FAE04EC0-301F-11D3-BF4B-00C04F79EFBC}") = "SM-Liiga-tehtava", "SM-Liiga-tehtava\SM-Liiga-tehtava.csproj", "{E3157DFF-6A09-4EB0-B834-2B937F7A2618}"
EndProject
Project("{FAE04EC0-301F-11D3-BF4B-00C04F79EFBC}") = "H4KonsoliXML", "H4KonsoliXML\H4KonsoliXML.csproj", "{761E6746-B482-483A-AB7A-E2DB07645734}"
EndProject
Project("{FAE04EC0-301F-11D3-BF4B-00C04F79EFBC}") = "H4WpfXML", "H4WpfXML\H4WpfXML.csproj", "{A2C0F75B-A607-4BA0-A27B-E80701D4601D}"
EndProject
Project("{FAE04EC0-301F-11D3-BF4B-00C04F79EFBC}") = "H5MoviesXML", "H5MoviesXML\H5MoviesXML.csproj", "{2FE0B706-FFB4-413C-8560-64A4BED95F61}"
EndProject
Project("{FAE04EC0-301F-11D3-BF4B-00C04F79EFBC}") = "Tehtava6", "Tehtava6\Tehtava6.csproj", "{2390EF1A-42F5-4268-A41D-422354B24CDD}"
EndProject
Project("{FAE04EC0-301F-11D3-BF4B-00C04F79EFBC}") = "DataBindingX3", "DataBindingX3\DataBindingX3.csproj", "{36F06B00-6E74-4DB5-9C68-3CB14ACCF3B3}"
EndProject
Project("{FAE04EC0-301F-11D3-BF4B-00C04F79EFBC}") = "Tehtava7", "Tehtava7\Tehtava7.csproj", "{97CFBE6C-49B1-48B2-B15B-8FBDF0591547}"
EndProject
Project("{FAE04EC0-301F-11D3-BF4B-00C04F79EFBC}") = "H7ADOConsoleDemo", "H7ADOConsoleDemo\H7ADOConsoleDemo.csproj", "{64697DE3-D94A-4C73-B21F-B8451ED45364}"
EndProject
Project("{FAE04EC0-301F-11D3-BF4B-00C04F79EFBC}") = "Tehtava8", "Tehtava8\Tehtava8.csproj", "{1BFF100D-D188-4FD7-B17F-22934398CA0C}"
EndProject
Project("{FAE04EC0-301F-11D3-BF4B-00C04F79EFBC}") = "ViiniAsiakkaat", "ViiniAsiakkaat\ViiniAsiakkaat.csproj", "{ECA0A659-ED24-4B3F-9D47-7BC3AACC43D4}"
EndProject
Project("{FAE04EC0-301F-11D3-BF4B-00C04F79EFBC}") = "Tehtava9", "Tehtava9\Tehtava9.csproj", "{BAA44507-2E94-44CC-A899-9FC3D3F58761}"
EndProject
Project("{FAE04EC0-301F-11D3-BF4B-00C04F79EFBC}") = "BooksORM", "BooksORM\BooksORM.csproj", "{0CF78B7A-CB5A-4C95-8BF0-A12879DA9FEF}"
EndProject
Project("{FAE04EC0-301F-11D3-BF4B-00C04F79EFBC}") = "Tehtava10", "Tehtava10\Tehtava10.csproj", "{B4464B58-2B01-4BCD-BB77-D1B023F92AD6}"
EndProject
Project("{FAE04EC0-301F-11D3-BF4B-00C04F79EFBC}") = "BookShopEF", "BookShopEF\BookShopEF.csproj", "{1FF7BDF0-9464-414A-8A93-E5A7E2066B72}"
EndProject
Project("{FAE04EC0-301F-11D3-BF4B-00C04F79EFBC}") = "Tehtava11", "Tehtava11\Tehtava11.csproj", "{CAA7775A-ED81-424E-BEB4-E10E47DEABE9}"
EndProject
Global
	GlobalSection(SolutionConfigurationPlatforms) = preSolution
		Debug|Any CPU = Debug|Any CPU
		Release|Any CPU = Release|Any CPU
	EndGlobalSection
	GlobalSection(ProjectConfigurationPlatforms) = postSolution
		{BBFDB3F8-2232-4C51-A154-1DFFF2E75FE7}.Debug|Any CPU.ActiveCfg = Debug|Any CPU
		{BBFDB3F8-2232-4C51-A154-1DFFF2E75FE7}.Debug|Any CPU.Build.0 = Debug|Any CPU
		{BBFDB3F8-2232-4C51-A154-1DFFF2E75FE7}.Release|Any CPU.ActiveCfg = Release|Any CPU
		{BBFDB3F8-2232-4C51-A154-1DFFF2E75FE7}.Release|Any CPU.Build.0 = Release|Any CPU
		{9939B80E-794F-4DB6-BB3E-17A28F05C6F0}.Debug|Any CPU.ActiveCfg = Debug|Any CPU
		{9939B80E-794F-4DB6-BB3E-17A28F05C6F0}.Debug|Any CPU.Build.0 = Debug|Any CPU
		{9939B80E-794F-4DB6-BB3E-17A28F05C6F0}.Release|Any CPU.ActiveCfg = Release|Any CPU
		{9939B80E-794F-4DB6-BB3E-17A28F05C6F0}.Release|Any CPU.Build.0 = Release|Any CPU
		{E3D85BFF-95C6-47E8-A831-9BA9473C4869}.Debug|Any CPU.ActiveCfg = Debug|Any CPU
		{E3D85BFF-95C6-47E8-A831-9BA9473C4869}.Debug|Any CPU.Build.0 = Debug|Any CPU
		{E3D85BFF-95C6-47E8-A831-9BA9473C4869}.Release|Any CPU.ActiveCfg = Release|Any CPU
		{E3D85BFF-95C6-47E8-A831-9BA9473C4869}.Release|Any CPU.Build.0 = Release|Any CPU
		{4800C3EF-B930-4A9F-BC78-ABB737E94C46}.Debug|Any CPU.ActiveCfg = Debug|Any CPU
		{4800C3EF-B930-4A9F-BC78-ABB737E94C46}.Debug|Any CPU.Build.0 = Debug|Any CPU
		{4800C3EF-B930-4A9F-BC78-ABB737E94C46}.Release|Any CPU.ActiveCfg = Release|Any CPU
		{4800C3EF-B930-4A9F-BC78-ABB737E94C46}.Release|Any CPU.Build.0 = Release|Any CPU
		{58D3A789-81BA-4668-8567-39D899274DF7}.Debug|Any CPU.ActiveCfg = Debug|Any CPU
		{58D3A789-81BA-4668-8567-39D899274DF7}.Debug|Any CPU.Build.0 = Debug|Any CPU
		{58D3A789-81BA-4668-8567-39D899274DF7}.Release|Any CPU.ActiveCfg = Release|Any CPU
		{58D3A789-81BA-4668-8567-39D899274DF7}.Release|Any CPU.Build.0 = Release|Any CPU
		{E3157DFF-6A09-4EB0-B834-2B937F7A2618}.Debug|Any CPU.ActiveCfg = Debug|Any CPU
		{E3157DFF-6A09-4EB0-B834-2B937F7A2618}.Debug|Any CPU.Build.0 = Debug|Any CPU
		{E3157DFF-6A09-4EB0-B834-2B937F7A2618}.Release|Any CPU.ActiveCfg = Release|Any CPU
		{E3157DFF-6A09-4EB0-B834-2B937F7A2618}.Release|Any CPU.Build.0 = Release|Any CPU
		{761E6746-B482-483A-AB7A-E2DB07645734}.Debug|Any CPU.ActiveCfg = Debug|Any CPU
		{761E6746-B482-483A-AB7A-E2DB07645734}.Debug|Any CPU.Build.0 = Debug|Any CPU
		{761E6746-B482-483A-AB7A-E2DB07645734}.Release|Any CPU.ActiveCfg = Release|Any CPU
		{761E6746-B482-483A-AB7A-E2DB07645734}.Release|Any CPU.Build.0 = Release|Any CPU
		{A2C0F75B-A607-4BA0-A27B-E80701D4601D}.Debug|Any CPU.ActiveCfg = Debug|Any CPU
		{A2C0F75B-A607-4BA0-A27B-E80701D4601D}.Debug|Any CPU.Build.0 = Debug|Any CPU
		{A2C0F75B-A607-4BA0-A27B-E80701D4601D}.Release|Any CPU.ActiveCfg = Release|Any CPU
		{A2C0F75B-A607-4BA0-A27B-E80701D4601D}.Release|Any CPU.Build.0 = Release|Any CPU
		{2FE0B706-FFB4-413C-8560-64A4BED95F61}.Debug|Any CPU.ActiveCfg = Debug|Any CPU
		{2FE0B706-FFB4-413C-8560-64A4BED95F61}.Debug|Any CPU.Build.0 = Debug|Any CPU
		{2FE0B706-FFB4-413C-8560-64A4BED95F61}.Release|Any CPU.ActiveCfg = Release|Any CPU
		{2FE0B706-FFB4-413C-8560-64A4BED95F61}.Release|Any CPU.Build.0 = Release|Any CPU
		{2390EF1A-42F5-4268-A41D-422354B24CDD}.Debug|Any CPU.ActiveCfg = Debug|Any CPU
		{2390EF1A-42F5-4268-A41D-422354B24CDD}.Debug|Any CPU.Build.0 = Debug|Any CPU
		{2390EF1A-42F5-4268-A41D-422354B24CDD}.Release|Any CPU.ActiveCfg = Release|Any CPU
		{2390EF1A-42F5-4268-A41D-422354B24CDD}.Release|Any CPU.Build.0 = Release|Any CPU
		{36F06B00-6E74-4DB5-9C68-3CB14ACCF3B3}.Debug|Any CPU.ActiveCfg = Debug|Any CPU
		{36F06B00-6E74-4DB5-9C68-3CB14ACCF3B3}.Debug|Any CPU.Build.0 = Debug|Any CPU
		{36F06B00-6E74-4DB5-9C68-3CB14ACCF3B3}.Release|Any CPU.ActiveCfg = Release|Any CPU
		{36F06B00-6E74-4DB5-9C68-3CB14ACCF3B3}.Release|Any CPU.Build.0 = Release|Any CPU
		{97CFBE6C-49B1-48B2-B15B-8FBDF0591547}.Debug|Any CPU.ActiveCfg = Debug|Any CPU
		{97CFBE6C-49B1-48B2-B15B-8FBDF0591547}.Debug|Any CPU.Build.0 = Debug|Any CPU
		{97CFBE6C-49B1-48B2-B15B-8FBDF0591547}.Release|Any CPU.ActiveCfg = Release|Any CPU
		{97CFBE6C-49B1-48B2-B15B-8FBDF0591547}.Release|Any CPU.Build.0 = Release|Any CPU
		{64697DE3-D94A-4C73-B21F-B8451ED45364}.Debug|Any CPU.ActiveCfg = Debug|Any CPU
		{64697DE3-D94A-4C73-B21F-B8451ED45364}.Debug|Any CPU.Build.0 = Debug|Any CPU
		{64697DE3-D94A-4C73-B21F-B8451ED45364}.Release|Any CPU.ActiveCfg = Release|Any CPU
		{64697DE3-D94A-4C73-B21F-B8451ED45364}.Release|Any CPU.Build.0 = Release|Any CPU
		{1BFF100D-D188-4FD7-B17F-22934398CA0C}.Debug|Any CPU.ActiveCfg = Debug|Any CPU
		{1BFF100D-D188-4FD7-B17F-22934398CA0C}.Debug|Any CPU.Build.0 = Debug|Any CPU
		{1BFF100D-D188-4FD7-B17F-22934398CA0C}.Release|Any CPU.ActiveCfg = Release|Any CPU
		{1BFF100D-D188-4FD7-B17F-22934398CA0C}.Release|Any CPU.Build.0 = Release|Any CPU
		{ECA0A659-ED24-4B3F-9D47-7BC3AACC43D4}.Debug|Any CPU.ActiveCfg = Debug|Any CPU
		{ECA0A659-ED24-4B3F-9D47-7BC3AACC43D4}.Debug|Any CPU.Build.0 = Debug|Any CPU
		{ECA0A659-ED24-4B3F-9D47-7BC3AACC43D4}.Release|Any CPU.ActiveCfg = Release|Any CPU
		{ECA0A659-ED24-4B3F-9D47-7BC3AACC43D4}.Release|Any CPU.Build.0 = Release|Any CPU
		{BAA44507-2E94-44CC-A899-9FC3D3F58761}.Debug|Any CPU.ActiveCfg = Debug|Any CPU
		{BAA44507-2E94-44CC-A899-9FC3D3F58761}.Debug|Any CPU.Build.0 = Debug|Any CPU
		{BAA44507-2E94-44CC-A899-9FC3D3F58761}.Release|Any CPU.ActiveCfg = Release|Any CPU
		{BAA44507-2E94-44CC-A899-9FC3D3F58761}.Release|Any CPU.Build.0 = Release|Any CPU
		{0CF78B7A-CB5A-4C95-8BF0-A12879DA9FEF}.Debug|Any CPU.ActiveCfg = Debug|Any CPU
		{0CF78B7A-CB5A-4C95-8BF0-A12879DA9FEF}.Debug|Any CPU.Build.0 = Debug|Any CPU
		{0CF78B7A-CB5A-4C95-8BF0-A12879DA9FEF}.Release|Any CPU.ActiveCfg = Release|Any CPU
		{0CF78B7A-CB5A-4C95-8BF0-A12879DA9FEF}.Release|Any CPU.Build.0 = Release|Any CPU
		{B4464B58-2B01-4BCD-BB77-D1B023F92AD6}.Debug|Any CPU.ActiveCfg = Debug|Any CPU
		{B4464B58-2B01-4BCD-BB77-D1B023F92AD6}.Debug|Any CPU.Build.0 = Debug|Any CPU
		{B4464B58-2B01-4BCD-BB77-D1B023F92AD6}.Release|Any CPU.ActiveCfg = Release|Any CPU
		{B4464B58-2B01-4BCD-BB77-D1B023F92AD6}.Release|Any CPU.Build.0 = Release|Any CPU
		{1FF7BDF0-9464-414A-8A93-E5A7E2066B72}.Debug|Any CPU.ActiveCfg = Debug|Any CPU
		{1FF7BDF0-9464-414A-8A93-E5A7E2066B72}.Debug|Any CPU.Build.0 = Debug|Any CPU
		{1FF7BDF0-9464-414A-8A93-E5A7E2066B72}.Release|Any CPU.ActiveCfg = Release|Any CPU
		{1FF7BDF0-9464-414A-8A93-E5A7E2066B72}.Release|Any CPU.Build.0 = Release|Any CPU
		{CAA7775A-ED81-424E-BEB4-E10E47DEABE9}.Debug|Any CPU.ActiveCfg = Debug|Any CPU
		{CAA7775A-ED81-424E-BEB4-E10E47DEABE9}.Debug|Any CPU.Build.0 = Debug|Any CPU
		{CAA7775A-ED81-424E-BEB4-E10E47DEABE9}.Release|Any CPU.ActiveCfg = Release|Any CPU
		{CAA7775A-ED81-424E-BEB4-E10E47DEABE9}.Release|Any CPU.Build.0 = Release|Any CPU
	EndGlobalSection
	GlobalSection(SolutionProperties) = preSolution
		HideSolutionNode = FALSE
	EndGlobalSection
EndGlobal
